
Microsoft Visual Studio Solution File, Format Version 12.00
# Visual Studio 15
VisualStudioVersion = 15.0.27130.2027
MinimumVisualStudioVersion = 10.0.40219.1
Project("{2150E333-8FDC-42A3-9474-1A3956D46DE8}") = "1 - Camada de Apresentação", "1 - Camada de Apresentação", "{E1FE95CA-AE89-44DA-9C70-34526C8633F1}"
EndProject
Project("{2150E333-8FDC-42A3-9474-1A3956D46DE8}") = "2 - Camada de Acesso aos Dados", "2 - Camada de Acesso aos Dados", "{93B21A65-648D-4A48-8B5F-5C7084FC7166}"
EndProject
Project("{FAE04EC0-301F-11D3-BF4B-00C04F79EFBC}") = "Projeto.WEB", "Projeto.WEB\Projeto.WEB.csproj", "{1FF68F5B-5C78-4EEF-B9B5-7BFB6EC38A4B}"
EndProject
Project("{FAE04EC0-301F-11D3-BF4B-00C04F79EFBC}") = "Projeto.DAL", "Projeto.DAL\Projeto.DAL.csproj", "{2799A07B-9F37-44EA-927A-B940D1C17576}"
EndProject
Global
	GlobalSection(SolutionConfigurationPlatforms) = preSolution
		Debug|Any CPU = Debug|Any CPU
		Release|Any CPU = Release|Any CPU
	EndGlobalSection
	GlobalSection(ProjectConfigurationPlatforms) = postSolution
		{1FF68F5B-5C78-4EEF-B9B5-7BFB6EC38A4B}.Debug|Any CPU.ActiveCfg = Debug|Any CPU
		{1FF68F5B-5C78-4EEF-B9B5-7BFB6EC38A4B}.Debug|Any CPU.Build.0 = Debug|Any CPU
		{1FF68F5B-5C78-4EEF-B9B5-7BFB6EC38A4B}.Release|Any CPU.ActiveCfg = Release|Any CPU
		{1FF68F5B-5C78-4EEF-B9B5-7BFB6EC38A4B}.Release|Any CPU.Build.0 = Release|Any CPU
		{2799A07B-9F37-44EA-927A-B940D1C17576}.Debug|Any CPU.ActiveCfg = Debug|Any CPU
		{2799A07B-9F37-44EA-927A-B940D1C17576}.Debug|Any CPU.Build.0 = Debug|Any CPU
		{2799A07B-9F37-44EA-927A-B940D1C17576}.Release|Any CPU.ActiveCfg = Release|Any CPU
		{2799A07B-9F37-44EA-927A-B940D1C17576}.Release|Any CPU.Build.0 = Release|Any CPU
	EndGlobalSection
	GlobalSection(SolutionProperties) = preSolution
		HideSolutionNode = FALSE
	EndGlobalSection
	GlobalSection(NestedProjects) = preSolution
		{1FF68F5B-5C78-4EEF-B9B5-7BFB6EC38A4B} = {E1FE95CA-AE89-44DA-9C70-34526C8633F1}
		{2799A07B-9F37-44EA-927A-B940D1C17576} = {93B21A65-648D-4A48-8B5F-5C7084FC7166}
	EndGlobalSection
	GlobalSection(ExtensibilityGlobals) = postSolution
		SolutionGuid = {9358D157-4589-4F69-9F51-8ECC7AFF28FC}
	EndGlobalSection
EndGlobal
